
Microsoft Visual Studio Solution File, Format Version 12.00
# Visual Studio Version 17
VisualStudioVersion = 17.14.36401.2
MinimumVisualStudioVersion = 10.0.40219.1
Project("{FAE04EC0-301F-11D3-BF4B-00C04F79EFBC}") = "Questions.Infrastructure", "Infrastructure\Questions.Infrastructure.csproj", "{8BBB72EB-B7B6-422C-9A11-E05B818FE0AF}"
EndProject
Project("{FAE04EC0-301F-11D3-BF4B-00C04F79EFBC}") = "Questions.Core", "Questions.Core\Questions.Core.csproj", "{F7BB25FD-21C7-4EF2-AC65-E728D75F3CD9}"
EndProject
Project("{FAE04EC0-301F-11D3-BF4B-00C04F79EFBC}") = "Questions.WebApi", "Questions.WebApi\Questions.WebApi.csproj", "{0DB137A7-B1EA-4EC1-91AD-DF173E17E914}"
EndProject
Project("{FAE04EC0-301F-11D3-BF4B-00C04F79EFBC}") = "Questions.UseCases", "Questions.UseCases\Questions.UseCases.csproj", "{3CCABD95-70DF-4796-8D93-DA1662467C66}"
EndProject
Global
	GlobalSection(SolutionConfigurationPlatforms) = preSolution
		Debug|Any CPU = Debug|Any CPU
		Release|Any CPU = Release|Any CPU
	EndGlobalSection
	GlobalSection(ProjectConfigurationPlatforms) = postSolution
		{8BBB72EB-B7B6-422C-9A11-E05B818FE0AF}.Debug|Any CPU.ActiveCfg = Debug|Any CPU
		{8BBB72EB-B7B6-422C-9A11-E05B818FE0AF}.Debug|Any CPU.Build.0 = Debug|Any CPU
		{8BBB72EB-B7B6-422C-9A11-E05B818FE0AF}.Release|Any CPU.ActiveCfg = Release|Any CPU
		{8BBB72EB-B7B6-422C-9A11-E05B818FE0AF}.Release|Any CPU.Build.0 = Release|Any CPU
		{F7BB25FD-21C7-4EF2-AC65-E728D75F3CD9}.Debug|Any CPU.ActiveCfg = Debug|Any CPU
		{F7BB25FD-21C7-4EF2-AC65-E728D75F3CD9}.Debug|Any CPU.Build.0 = Debug|Any CPU
		{F7BB25FD-21C7-4EF2-AC65-E728D75F3CD9}.Release|Any CPU.ActiveCfg = Release|Any CPU
		{F7BB25FD-21C7-4EF2-AC65-E728D75F3CD9}.Release|Any CPU.Build.0 = Release|Any CPU
		{0DB137A7-B1EA-4EC1-91AD-DF173E17E914}.Debug|Any CPU.ActiveCfg = Debug|Any CPU
		{0DB137A7-B1EA-4EC1-91AD-DF173E17E914}.Debug|Any CPU.Build.0 = Debug|Any CPU
		{0DB137A7-B1EA-4EC1-91AD-DF173E17E914}.Release|Any CPU.ActiveCfg = Release|Any CPU
		{0DB137A7-B1EA-4EC1-91AD-DF173E17E914}.Release|Any CPU.Build.0 = Release|Any CPU
		{3CCABD95-70DF-4796-8D93-DA1662467C66}.Debug|Any CPU.ActiveCfg = Debug|Any CPU
		{3CCABD95-70DF-4796-8D93-DA1662467C66}.Debug|Any CPU.Build.0 = Debug|Any CPU
		{3CCABD95-70DF-4796-8D93-DA1662467C66}.Release|Any CPU.ActiveCfg = Release|Any CPU
		{3CCABD95-70DF-4796-8D93-DA1662467C66}.Release|Any CPU.Build.0 = Release|Any CPU
	EndGlobalSection
	GlobalSection(SolutionProperties) = preSolution
		HideSolutionNode = FALSE
	EndGlobalSection
	GlobalSection(ExtensibilityGlobals) = postSolution
		SolutionGuid = {FAF23CA5-6C5F-492A-B155-574FA07398FA}
	EndGlobalSection
EndGlobal
